<?xml version="1.0" encoding="utf-8"?>
<Project ToolsVersion="4.0" xmlns="http://schemas.microsoft.com/developer/msbuild/2003">
  <ItemGroup>
    <Filter Include="Source Files">
      <UniqueIdentifier>{4FC737F1-C7A5-4376-A066-2A32D752A2FF}</UniqueIdentifier>
      <Extensions>cpp;c;cc;cxx;c++;cppm;ixx;def;odl;idl;hpj;bat;asm;asmx</Extensions>
    </Filter>
    <Filter Include="Header Files">
      <UniqueIdentifier>{93995380-89BD-4b04-88EB-625FBE52EBFB}</UniqueIdentifier>
      <Extensions>h;hh;hpp;hxx;h++;hm;inl;inc;ipp;xsd</Extensions>
    </Filter>
    <Filter Include="Resource Files">
      <UniqueIdentifier>{67DA6AB6-F800-4c08-8B7A-83BB121AAD01}</UniqueIdentifier>
      <Extensions>rc;ico;cur;bmp;dlg;rc2;rct;bin;rgs;gif;jpg;jpeg;jpe;resx;tiff;tif;png;wav;mfcribbon-ms</Extensions>
    </Filter>
  </ItemGroup>
  <ItemGroup>
    <ClCompile Include="laba12A.cpp">
      <Filter>Source Files</Filter>
    </ClCompile>
    <ClCompile Include="laba12B.cpp">
      <Filter>Source Files</Filter>
    </ClCompile>
    <ClCompile Include="reservelaba12A.cpp">
      <Filter>Source Files</Filter>
    </ClCompile>
    <ClCompile Include="noschemelaba12A.cpp">
      <Filter>Source Files</Filter>
    </ClCompile>
    <ClCompile Include="noschemelaba12B.cpp">
      <Filter>Source Files</Filter>
    </ClCompile>
    <ClCompile Include="laba13.cpp">
      <Filter>Source Files</Filter>
    </ClCompile>
    <ClCompile Include="laba11.cpp">
      <Filter>Source Files</Filter>
    </ClCompile>
    <ClCompile Include="laba12A_FINAL.cpp">
      <Filter>Source Files</Filter>
    </ClCompile>
    <ClCompile Include="laba14.cpp">
      <Filter>Source Files</Filter>
    </ClCompile>
    <ClCompile Include="MODULE14.cpp">
      <Filter>Resource Files</Filter>
    </ClCompile>
    <ClCompile Include="laba15A.cpp">
      <Filter>Source Files</Filter>
    </ClCompile>
    <ClCompile Include="laba15B.cpp">
      <Filter>Source Files</Filter>
    </ClCompile>
    <ClCompile Include="laba16FUNC.cpp">
      <Filter>Source Files</Filter>
    </ClCompile>
    <ClCompile Include="laba16PROC.cpp">
      <Filter>Source Files</Filter>
    </ClCompile>
    <ClCompile Include="laba17.cpp">
      <Filter>Source Files</Filter>
    </ClCompile>
    <ClCompile Include="laba18.cpp">
      <Filter>Source Files</Filter>
    </ClCompile>
    <ClCompile Include="HW1.1.cpp">
      <Filter>Source Files</Filter>
    </ClCompile>
    <ClCompile Include="HW1.2.cpp">
      <Filter>Source Files</Filter>
    </ClCompile>
    <ClCompile Include="MODULEHW1.1.h">
      <Filter>Header Files</Filter>
    </ClCompile>
    <ClCompile Include="MODULEHW1.1.cpp">
      <Filter>Resource Files</Filter>
    </ClCompile>
    <ClCompile Include="HW2.1.cpp">
      <Filter>Source Files</Filter>
    </ClCompile>
    <ClCompile Include="HW2.2.cpp">
      <Filter>Source Files</Filter>
    </ClCompile>
    <ClCompile Include="HW2.3.cpp">
      <Filter>Source Files</Filter>
    </ClCompile>
  </ItemGroup>
  <ItemGroup>
    <ClInclude Include="MODULE14.h">
      <Filter>Header Files</Filter>
    </ClInclude>
  </ItemGroup>
</Project>